#MicroXplorer Configuration settings - do not modify
#Thu Jul 23 00:09:52 CST 2015
File.Version=5
KeepUserPlacement=false
Mcu.Family=STM32F4
Mcu.IP0=I2C1
Mcu.IP1=NVIC
Mcu.IP2=RCC
Mcu.IP3=SYS
Mcu.IP4=TIM2
Mcu.IP5=TIM3
Mcu.IP6=USB_HOST
Mcu.IP7=USB_OTG_FS
Mcu.IPNb=8
Mcu.Name=STM32F411R(C-E)Tx
Mcu.Package=LQFP64
Mcu.Pin0=PH0 - OSC_IN
Mcu.Pin1=PH1 - OSC_OUT
Mcu.Pin10=PB6
Mcu.Pin11=PB7
Mcu.Pin12=VP_USB_HOST_VS_USB_HOST_HID_FS
Mcu.Pin2=PA0-WKUP
Mcu.Pin3=PA1
Mcu.Pin4=PA11
Mcu.Pin5=PA12
Mcu.Pin6=PA13
Mcu.Pin7=PA14
Mcu.Pin8=PB4
Mcu.Pin9=PB5
Mcu.PinsNb=13
Mcu.UserName=STM32F411RETx
MxCube.Version=4.6.0
MxDb.Version=DB.4.0.60
NVIC.OTG_FS_IRQn=true\:0\:0\:false
NVIC.PriorityGroup=NVIC_PRIORITYGROUP_4
NVIC.SysTick_IRQn=true\:0\:0\:false
PA0-WKUP.GPIOParameters=GPIO_Label
PA0-WKUP.GPIO_Label=RE1
PA0-WKUP.Locked=true
PA0-WKUP.Signal=S_TIM2_CH1_ETR
PA1.GPIOParameters=GPIO_Label
PA1.GPIO_Label=RE1
PA1.Locked=true
PA1.Signal=S_TIM2_CH2
PA11.Mode=Host_Only
PA11.Signal=USB_OTG_FS_DM
PA12.Mode=Host_Only
PA12.Signal=USB_OTG_FS_DP
PA13.Mode=Serial-Wire
PA13.Signal=SYS_JTMS-SWDIO
PA14.Mode=Serial-Wire
PA14.Signal=SYS_JTCK-SWCLK
PB4.GPIOParameters=GPIO_Label
PB4.GPIO_Label=RE2
PB4.Locked=true
PB4.Signal=S_TIM3_CH1
PB5.GPIOParameters=GPIO_Label
PB5.GPIO_Label=RE2
PB5.Locked=true
PB5.Signal=S_TIM3_CH2
PB6.Mode=I2C
PB6.Signal=I2C1_SCL
PB7.Mode=I2C
PB7.Signal=I2C1_SDA
PCC.Family=STM32F4
PCC.MCU=STM32F411R(C-E)Tx
PCC.MXVersion=4.6.0
PCC.PartNumber=STM32F411RETx
PCC.Seq0=0
PCC.SubFamily=STM32F411
PCC.Temperature=25
PCC.Vdd=null
PH0\ -\ OSC_IN.Mode=HSE-External-Oscillator
PH0\ -\ OSC_IN.Signal=RCC_OSC_IN
PH1\ -\ OSC_OUT.Mode=HSE-External-Oscillator
PH1\ -\ OSC_OUT.Signal=RCC_OSC_OUT
RCC.48MHZClocksFreq_Value=48000000
RCC.AHBFreq_Value=8000000
RCC.APB1Freq_Value=8000000
RCC.APB1TimFreq_Value=8000000
RCC.APB2Freq_Value=8000000
RCC.APB2TimFreq_Value=8000000
RCC.CortexFreq_Value=1000000
RCC.EthernetFreq_Value=8000000
RCC.FCLKCortexFreq_Value=8000000
RCC.FamilyName=M
RCC.HCLKFreq_Value=8000000
RCC.HSE_VALUE=8000000
RCC.HSI_VALUE=16000000
RCC.I2SClocksFreq_Value=48000000
RCC.IPParameters=LSI_VALUE,APB1TimFreq_Value,APB2Freq_Value,MCO2PinFreq_Value,FCLKCortexFreq_Value,AHBFreq_Value,48MHZClocksFreq_Value,VCOInputFreq_Value,I2SClocksFreq_Value,SYSCLKFreq_VALUE,PLLQ,SYSCLKSource,LSE_VALUE,HSE_VALUE,HSI_VALUE,VCOI2SOutputFreq_Value,PLLCLKFreq_Value,VCOInputMFreq_Value,RTCFreq_Value,FamilyName,HCLKFreq_Value,EthernetFreq_Value,PLLM,VCOOutputFreq_Value,VcooutputI2S,CortexFreq_Value,APB1Freq_Value,RTCHSEDivFreq_Value,APB2TimFreq_Value
RCC.LSE_VALUE=32768
RCC.LSI_VALUE=32000
RCC.MCO2PinFreq_Value=8000000
RCC.PLLCLKFreq_Value=192000000
RCC.PLLM=4
RCC.PLLQ=8
RCC.RTCFreq_Value=32000
RCC.RTCHSEDivFreq_Value=4000000
RCC.SYSCLKFreq_VALUE=8000000
RCC.SYSCLKSource=RCC_SYSCLKSOURCE_HSE
RCC.VCOI2SOutputFreq_Value=96000000
RCC.VCOInputFreq_Value=2000000
RCC.VCOInputMFreq_Value=500000
RCC.VCOOutputFreq_Value=384000000
RCC.VcooutputI2S=48000000
SH.S_TIM2_CH1_ETR.0=TIM2_CH1,Encoder_Interface
SH.S_TIM2_CH1_ETR.ConfNb=1
SH.S_TIM2_CH2.0=TIM2_CH2,Encoder_Interface
SH.S_TIM2_CH2.ConfNb=1
SH.S_TIM3_CH1.0=TIM3_CH1,Encoder_Interface
SH.S_TIM3_CH1.ConfNb=1
SH.S_TIM3_CH2.0=TIM3_CH2,Encoder_Interface
SH.S_TIM3_CH2.ConfNb=1
USB_HOST.IPParameters=VirtualModeFS-HID_FS,USBH_HandleTypeDef-HID_FS
USB_HOST.USBH_HandleTypeDef-HID_FS=hUsbHostFS
USB_HOST.VirtualModeFS-HID_FS=Hid
USB_OTG_FS.IPParameters=phy_itface-Host_Only
USB_OTG_FS.phy_itface-Host_Only=HCD_PHY_EMBEDDED
VP_USB_HOST_VS_USB_HOST_HID_FS.Mode=HID_FS
VP_USB_HOST_VS_USB_HOST_HID_FS.Signal=USB_HOST_VS_USB_HOST_HID_FS
